// !$*UTF8*$!
{
	archiveVersion = 1;
	classes = {
	};
	objectVersion = 46;
	objects = {

/* Begin PBXBuildFile section */
		B919682D1C2FC25300C332F6 /* AppDelegate.swift in Sources */ = {isa = PBXBuildFile; fileRef = B919682C1C2FC25300C332F6 /* AppDelegate.swift */; };
		B919682F1C2FC25300C332F6 /* ViewController.swift in Sources */ = {isa = PBXBuildFile; fileRef = B919682E1C2FC25300C332F6 /* ViewController.swift */; };
		B91968321C2FC25300C332F6 /* Main.storyboard in Resources */ = {isa = PBXBuildFile; fileRef = B91968301C2FC25300C332F6 /* Main.storyboard */; };
		B91968351C2FC25300C332F6 /* SampleiOSApp.xcdatamodeld in Sources */ = {isa = PBXBuildFile; fileRef = B91968331C2FC25300C332F6 /* SampleiOSApp.xcdatamodeld */; };
		B91968371C2FC25300C332F6 /* Assets.xcassets in Resources */ = {isa = PBXBuildFile; fileRef = B91968361C2FC25300C332F6 /* Assets.xcassets */; };
		B919683A1C2FC25300C332F6 /* LaunchScreen.storyboard in Resources */ = {isa = PBXBuildFile; fileRef = B91968381C2FC25300C332F6 /* LaunchScreen.storyboard */; };
		B91968451C2FC25300C332F6 /* SampleiOSAppTests.swift in Sources */ = {isa = PBXBuildFile; fileRef = B91968441C2FC25300C332F6 /* SampleiOSAppTests.swift */; };
		B91968501C2FC25300C332F6 /* SampleiOSAppUITests.swift in Sources */ = {isa = PBXBuildFile; fileRef = B919684F1C2FC25300C332F6 /* SampleiOSAppUITests.swift */; };
		B91968611C2FC2D700C332F6 /* RequestHandler.swift in Sources */ = {isa = PBXBuildFile; fileRef = B91968601C2FC2D700C332F6 /* RequestHandler.swift */; };
		B91968631C2FC2F000C332F6 /* BaseConnection.swift in Sources */ = {isa = PBXBuildFile; fileRef = B91968621C2FC2F000C332F6 /* BaseConnection.swift */; };
		B91968651C2FC2FB00C332F6 /* CustomConnection.swift in Sources */ = {isa = PBXBuildFile; fileRef = B91968641C2FC2FB00C332F6 /* CustomConnection.swift */; };
		B91968671C2FC7F800C332F6 /* ConnectionUtility.swift in Sources */ = {isa = PBXBuildFile; fileRef = B91968661C2FC7F800C332F6 /* ConnectionUtility.swift */; };
		B919686B1C2FCA8100C332F6 /* BaseDownloadConnection.swift in Sources */ = {isa = PBXBuildFile; fileRef = B919686A1C2FCA8100C332F6 /* BaseDownloadConnection.swift */; };
/* End PBXBuildFile section */

/* Begin PBXContainerItemProxy section */
		B91968411C2FC25300C332F6 /* PBXContainerItemProxy */ = {
			isa = PBXContainerItemProxy;
			containerPortal = B91968211C2FC25300C332F6 /* Project object */;
			proxyType = 1;
			remoteGlobalIDString = B91968281C2FC25300C332F6;
			remoteInfo = SampleiOSApp;
		};
		B919684C1C2FC25300C332F6 /* PBXContainerItemProxy */ = {
			isa = PBXContainerItemProxy;
			containerPortal = B91968211C2FC25300C332F6 /* Project object */;
			proxyType = 1;
			remoteGlobalIDString = B91968281C2FC25300C332F6;
			remoteInfo = SampleiOSApp;
		};
/* End PBXContainerItemProxy section */

/* Begin PBXFileReference section */
		B91968291C2FC25300C332F6 /* SampleiOSApp.app */ = {isa = PBXFileReference; explicitFileType = wrapper.application; includeInIndex = 0; path = SampleiOSApp.app; sourceTree = BUILT_PRODUCTS_DIR; };
		B919682C1C2FC25300C332F6 /* AppDelegate.swift */ = {isa = PBXFileReference; lastKnownFileType = sourcecode.swift; path = AppDelegate.swift; sourceTree = "<group>"; };
		B919682E1C2FC25300C332F6 /* ViewController.swift */ = {isa = PBXFileReference; lastKnownFileType = sourcecode.swift; path = ViewController.swift; sourceTree = "<group>"; };
		B91968311C2FC25300C332F6 /* Base */ = {isa = PBXFileReference; lastKnownFileType = file.storyboard; name = Base; path = Base.lproj/Main.storyboard; sourceTree = "<group>"; };
		B91968341C2FC25300C332F6 /* SampleiOSApp.xcdatamodel */ = {isa = PBXFileReference; lastKnownFileType = wrapper.xcdatamodel; path = SampleiOSApp.xcdatamodel; sourceTree = "<group>"; };
		B91968361C2FC25300C332F6 /* Assets.xcassets */ = {isa = PBXFileReference; lastKnownFileType = folder.assetcatalog; path = Assets.xcassets; sourceTree = "<group>"; };
		B91968391C2FC25300C332F6 /* Base */ = {isa = PBXFileReference; lastKnownFileType = file.storyboard; name = Base; path = Base.lproj/LaunchScreen.storyboard; sourceTree = "<group>"; };
		B919683B1C2FC25300C332F6 /* Info.plist */ = {isa = PBXFileReference; lastKnownFileType = text.plist.xml; path = Info.plist; sourceTree = "<group>"; };
		B91968401C2FC25300C332F6 /* SampleiOSAppTests.xctest */ = {isa = PBXFileReference; explicitFileType = wrapper.cfbundle; includeInIndex = 0; path = SampleiOSAppTests.xctest; sourceTree = BUILT_PRODUCTS_DIR; };
		B91968441C2FC25300C332F6 /* SampleiOSAppTests.swift */ = {isa = PBXFileReference; lastKnownFileType = sourcecode.swift; path = SampleiOSAppTests.swift; sourceTree = "<group>"; };
		B91968461C2FC25300C332F6 /* Info.plist */ = {isa = PBXFileReference; lastKnownFileType = text.plist.xml; path = Info.plist; sourceTree = "<group>"; };
		B919684B1C2FC25300C332F6 /* SampleiOSAppUITests.xctest */ = {isa = PBXFileReference; explicitFileType = wrapper.cfbundle; includeInIndex = 0; path = SampleiOSAppUITests.xctest; sourceTree = BUILT_PRODUCTS_DIR; };
		B919684F1C2FC25300C332F6 /* SampleiOSAppUITests.swift */ = {isa = PBXFileReference; lastKnownFileType = sourcecode.swift; path = SampleiOSAppUITests.swift; sourceTree = "<group>"; };
		B91968511C2FC25300C332F6 /* Info.plist */ = {isa = PBXFileReference; lastKnownFileType = text.plist.xml; path = Info.plist; sourceTree = "<group>"; };
		B91968601C2FC2D700C332F6 /* RequestHandler.swift */ = {isa = PBXFileReference; fileEncoding = 4; lastKnownFileType = sourcecode.swift; lineEnding = 0; path = RequestHandler.swift; sourceTree = "<group>"; xcLanguageSpecificationIdentifier = xcode.lang.swift; };
		B91968621C2FC2F000C332F6 /* BaseConnection.swift */ = {isa = PBXFileReference; fileEncoding = 4; lastKnownFileType = sourcecode.swift; path = BaseConnection.swift; sourceTree = "<group>"; };
		B91968641C2FC2FB00C332F6 /* CustomConnection.swift */ = {isa = PBXFileReference; fileEncoding = 4; lastKnownFileType = sourcecode.swift; lineEnding = 0; path = CustomConnection.swift; sourceTree = "<group>"; xcLanguageSpecificationIdentifier = xcode.lang.swift; };
		B91968661C2FC7F800C332F6 /* ConnectionUtility.swift */ = {isa = PBXFileReference; fileEncoding = 4; lastKnownFileType = sourcecode.swift; path = ConnectionUtility.swift; sourceTree = "<group>"; };
		B919686A1C2FCA8100C332F6 /* BaseDownloadConnection.swift */ = {isa = PBXFileReference; fileEncoding = 4; lastKnownFileType = sourcecode.swift; path = BaseDownloadConnection.swift; sourceTree = "<group>"; };
/* End PBXFileReference section */

/* Begin PBXFrameworksBuildPhase section */
		B91968261C2FC25300C332F6 /* Frameworks */ = {
			isa = PBXFrameworksBuildPhase;
			buildActionMask = 2147483647;
			files = (
			);
			runOnlyForDeploymentPostprocessing = 0;
		};
		B919683D1C2FC25300C332F6 /* Frameworks */ = {
			isa = PBXFrameworksBuildPhase;
			buildActionMask = 2147483647;
			files = (
			);
			runOnlyForDeploymentPostprocessing = 0;
		};
		B91968481C2FC25300C332F6 /* Frameworks */ = {
			isa = PBXFrameworksBuildPhase;
			buildActionMask = 2147483647;
			files = (
			);
			runOnlyForDeploymentPostprocessing = 0;
		};
/* End PBXFrameworksBuildPhase section */

/* Begin PBXGroup section */
		B91968201C2FC25300C332F6 = {
			isa = PBXGroup;
			children = (
				B919682B1C2FC25300C332F6 /* SampleiOSApp */,
				B91968431C2FC25300C332F6 /* SampleiOSAppTests */,
				B919684E1C2FC25300C332F6 /* SampleiOSAppUITests */,
				B919682A1C2FC25300C332F6 /* Products */,
			);
			sourceTree = "<group>";
		};
		B919682A1C2FC25300C332F6 /* Products */ = {
			isa = PBXGroup;
			children = (
				B91968291C2FC25300C332F6 /* SampleiOSApp.app */,
				B91968401C2FC25300C332F6 /* SampleiOSAppTests.xctest */,
				B919684B1C2FC25300C332F6 /* SampleiOSAppUITests.xctest */,
			);
			name = Products;
			sourceTree = "<group>";
		};
		B919682B1C2FC25300C332F6 /* SampleiOSApp */ = {
			isa = PBXGroup;
			children = (
				B919685F1C2FC27700C332F6 /* Networking */,
				B919682C1C2FC25300C332F6 /* AppDelegate.swift */,
				B919682E1C2FC25300C332F6 /* ViewController.swift */,
				B91968621C2FC2F000C332F6 /* BaseConnection.swift */,
				B919686A1C2FCA8100C332F6 /* BaseDownloadConnection.swift */,
				B91968641C2FC2FB00C332F6 /* CustomConnection.swift */,
				B91968601C2FC2D700C332F6 /* RequestHandler.swift */,
				B91968661C2FC7F800C332F6 /* ConnectionUtility.swift */,
				B91968301C2FC25300C332F6 /* Main.storyboard */,
				B91968361C2FC25300C332F6 /* Assets.xcassets */,
				B91968381C2FC25300C332F6 /* LaunchScreen.storyboard */,
				B919683B1C2FC25300C332F6 /* Info.plist */,
				B91968331C2FC25300C332F6 /* SampleiOSApp.xcdatamodeld */,
			);
			path = SampleiOSApp;
			sourceTree = "<group>";
		};
		B91968431C2FC25300C332F6 /* SampleiOSAppTests */ = {
			isa = PBXGroup;
			children = (
				B91968441C2FC25300C332F6 /* SampleiOSAppTests.swift */,
				B91968461C2FC25300C332F6 /* Info.plist */,
			);
			path = SampleiOSAppTests;
			sourceTree = "<group>";
		};
		B919684E1C2FC25300C332F6 /* SampleiOSAppUITests */ = {
			isa = PBXGroup;
			children = (
				B919684F1C2FC25300C332F6 /* SampleiOSAppUITests.swift */,
				B91968511C2FC25300C332F6 /* Info.plist */,
			);
			path = SampleiOSAppUITests;
			sourceTree = "<group>";
		};
		B919685F1C2FC27700C332F6 /* Networking */ = {
			isa = PBXGroup;
			children = (
			);
			name = Networking;
			sourceTree = "<group>";
		};
/* End PBXGroup section */

/* Begin PBXNativeTarget section */
		B91968281C2FC25300C332F6 /* SampleiOSApp */ = {
			isa = PBXNativeTarget;
			buildConfigurationList = B91968541C2FC25300C332F6 /* Build configuration list for PBXNativeTarget "SampleiOSApp" */;
			buildPhases = (
				B91968251C2FC25300C332F6 /* Sources */,
				B91968261C2FC25300C332F6 /* Frameworks */,
				B91968271C2FC25300C332F6 /* Resources */,
			);
			buildRules = (
			);
			dependencies = (
			);
			name = SampleiOSApp;
			productName = SampleiOSApp;
			productReference = B91968291C2FC25300C332F6 /* SampleiOSApp.app */;
			productType = "com.apple.product-type.application";
		};
		B919683F1C2FC25300C332F6 /* SampleiOSAppTests */ = {
			isa = PBXNativeTarget;
			buildConfigurationList = B91968571C2FC25300C332F6 /* Build configuration list for PBXNativeTarget "SampleiOSAppTests" */;
			buildPhases = (
				B919683C1C2FC25300C332F6 /* Sources */,
				B919683D1C2FC25300C332F6 /* Frameworks */,
				B919683E1C2FC25300C332F6 /* Resources */,
			);
			buildRules = (
			);
			dependencies = (
				B91968421C2FC25300C332F6 /* PBXTargetDependency */,
			);
			name = SampleiOSAppTests;
			productName = SampleiOSAppTests;
			productReference = B91968401C2FC25300C332F6 /* SampleiOSAppTests.xctest */;
			productType = "com.apple.product-type.bundle.unit-test";
		};
		B919684A1C2FC25300C332F6 /* SampleiOSAppUITests */ = {
			isa = PBXNativeTarget;
			buildConfigurationList = B919685A1C2FC25300C332F6 /* Build configuration list for PBXNativeTarget "SampleiOSAppUITests" */;
			buildPhases = (
				B91968471C2FC25300C332F6 /* Sources */,
				B91968481C2FC25300C332F6 /* Frameworks */,
				B91968491C2FC25300C332F6 /* Resources */,
			);
			buildRules = (
			);
			dependencies = (
				B919684D1C2FC25300C332F6 /* PBXTargetDependency */,
			);
			name = SampleiOSAppUITests;
			productName = SampleiOSAppUITests;
			productReference = B919684B1C2FC25300C332F6 /* SampleiOSAppUITests.xctest */;
			productType = "com.apple.product-type.bundle.ui-testing";
		};
/* End PBXNativeTarget section */

/* Begin PBXProject section */
		B91968211C2FC25300C332F6 /* Project object */ = {
			isa = PBXProject;
			attributes = {
				LastSwiftUpdateCheck = 0720;
				LastUpgradeCheck = 0720;
				ORGANIZATIONNAME = AlekhMittal;
				TargetAttributes = {
					B91968281C2FC25300C332F6 = {
						CreatedOnToolsVersion = 7.2;
					};
					B919683F1C2FC25300C332F6 = {
						CreatedOnToolsVersion = 7.2;
						TestTargetID = B91968281C2FC25300C332F6;
					};
					B919684A1C2FC25300C332F6 = {
						CreatedOnToolsVersion = 7.2;
						TestTargetID = B91968281C2FC25300C332F6;
					};
				};
			};
			buildConfigurationList = B91968241C2FC25300C332F6 /* Build configuration list for PBXProject "SampleiOSApp" */;
			compatibilityVersion = "Xcode 3.2";
			developmentRegion = English;
			hasScannedForEncodings = 0;
			knownRegions = (
				en,
				Base,
			);
			mainGroup = B91968201C2FC25300C332F6;
			productRefGroup = B919682A1C2FC25300C332F6 /* Products */;
			projectDirPath = "";
			projectRoot = "";
			targets = (
				B91968281C2FC25300C332F6 /* SampleiOSApp */,
				B919683F1C2FC25300C332F6 /* SampleiOSAppTests */,
				B919684A1C2FC25300C332F6 /* SampleiOSAppUITests */,
			);
		};
/* End PBXProject section */

/* Begin PBXResourcesBuildPhase section */
		B91968271C2FC25300C332F6 /* Resources */ = {
			isa = PBXResourcesBuildPhase;
			buildActionMask = 2147483647;
			files = (
				B919683A1C2FC25300C332F6 /* LaunchScreen.storyboard in Resources */,
				B91968371C2FC25300C332F6 /* Assets.xcassets in Resources */,
				B91968321C2FC25300C332F6 /* Main.storyboard in Resources */,
			);
			runOnlyForDeploymentPostprocessing = 0;
		};
		B919683E1C2FC25300C332F6 /* Resources */ = {
			isa = PBXResourcesBuildPhase;
			buildActionMask = 2147483647;
			files = (
			);
			runOnlyForDeploymentPostprocessing = 0;
		};
		B91968491C2FC25300C332F6 /* Resources */ = {
			isa = PBXResourcesBuildPhase;
			buildActionMask = 2147483647;
			files = (
			);
			runOnlyForDeploymentPostprocessing = 0;
		};
/* End PBXResourcesBuildPhase section */

/* Begin PBXSourcesBuildPhase section */
		B91968251C2FC25300C332F6 /* Sources */ = {
			isa = PBXSourcesBuildPhase;
			buildActionMask = 2147483647;
			files = (
				B91968631C2FC2F000C332F6 /* BaseConnection.swift in Sources */,
				B919682F1C2FC25300C332F6 /* ViewController.swift in Sources */,
				B919686B1C2FCA8100C332F6 /* BaseDownloadConnection.swift in Sources */,
				B91968671C2FC7F800C332F6 /* ConnectionUtility.swift in Sources */,
				B919682D1C2FC25300C332F6 /* AppDelegate.swift in Sources */,
				B91968651C2FC2FB00C332F6 /* CustomConnection.swift in Sources */,
				B91968611C2FC2D700C332F6 /* RequestHandler.swift in Sources */,
				B91968351C2FC25300C332F6 /* SampleiOSApp.xcdatamodeld in Sources */,
			);
			runOnlyForDeploymentPostprocessing = 0;
		};
		B919683C1C2FC25300C332F6 /* Sources */ = {
			isa = PBXSourcesBuildPhase;
			buildActionMask = 2147483647;
			files = (
				B91968451C2FC25300C332F6 /* SampleiOSAppTests.swift in Sources */,
			);
			runOnlyForDeploymentPostprocessing = 0;
		};
		B91968471C2FC25300C332F6 /* Sources */ = {
			isa = PBXSourcesBuildPhase;
			buildActionMask = 2147483647;
			files = (
				B91968501C2FC25300C332F6 /* SampleiOSAppUITests.swift in Sources */,
			);
			runOnlyForDeploymentPostprocessing = 0;
		};
/* End PBXSourcesBuildPhase section */

/* Begin PBXTargetDependency section */
		B91968421C2FC25300C332F6 /* PBXTargetDependency */ = {
			isa = PBXTargetDependency;
			target = B91968281C2FC25300C332F6 /* SampleiOSApp */;
			targetProxy = B91968411C2FC25300C332F6 /* PBXContainerItemProxy */;
		};
		B919684D1C2FC25300C332F6 /* PBXTargetDependency */ = {
			isa = PBXTargetDependency;
			target = B91968281C2FC25300C332F6 /* SampleiOSApp */;
			targetProxy = B919684C1C2FC25300C332F6 /* PBXContainerItemProxy */;
		};
/* End PBXTargetDependency section */

/* Begin PBXVariantGroup section */
		B91968301C2FC25300C332F6 /* Main.storyboard */ = {
			isa = PBXVariantGroup;
			children = (
				B91968311C2FC25300C332F6 /* Base */,
			);
			name = Main.storyboard;
			sourceTree = "<group>";
		};
		B91968381C2FC25300C332F6 /* LaunchScreen.storyboard */ = {
			isa = PBXVariantGroup;
			children = (
				B91968391C2FC25300C332F6 /* Base */,
			);
			name = LaunchScreen.storyboard;
			sourceTree = "<group>";
		};
/* End PBXVariantGroup section */

/* Begin XCBuildConfiguration section */
		B91968521C2FC25300C332F6 /* Debug */ = {
			isa = XCBuildConfiguration;
			buildSettings = {
				ALWAYS_SEARCH_USER_PATHS = NO;
				CLANG_CXX_LANGUAGE_STANDARD = "gnu++0x";
				CLANG_CXX_LIBRARY = "libc++";
				CLANG_ENABLE_MODULES = YES;
				CLANG_ENABLE_OBJC_ARC = YES;
				CLANG_WARN_BOOL_CONVERSION = YES;
				CLANG_WARN_CONSTANT_CONVERSION = YES;
				CLANG_WARN_DIRECT_OBJC_ISA_USAGE = YES_ERROR;
				CLANG_WARN_EMPTY_BODY = YES;
				CLANG_WARN_ENUM_CONVERSION = YES;
				CLANG_WARN_INT_CONVERSION = YES;
				CLANG_WARN_OBJC_ROOT_CLASS = YES_ERROR;
				CLANG_WARN_UNREACHABLE_CODE = YES;
				CLANG_WARN__DUPLICATE_METHOD_MATCH = YES;
				"CODE_SIGN_IDENTITY[sdk=iphoneos*]" = "iPhone Developer";
				COPY_PHASE_STRIP = NO;
				DEBUG_INFORMATION_FORMAT = dwarf;
				ENABLE_STRICT_OBJC_MSGSEND = YES;
				ENABLE_TESTABILITY = YES;
				GCC_C_LANGUAGE_STANDARD = gnu99;
				GCC_DYNAMIC_NO_PIC = NO;
				GCC_NO_COMMON_BLOCKS = YES;
				GCC_OPTIMIZATION_LEVEL = 0;
				GCC_PREPROCESSOR_DEFINITIONS = (
					"DEBUG=1",
					"$(inherited)",
				);
				GCC_WARN_64_TO_32_BIT_CONVERSION = YES;
				GCC_WARN_ABOUT_RETURN_TYPE = YES_ERROR;
				GCC_WARN_UNDECLARED_SELECTOR = YES;
				GCC_WARN_UNINITIALIZED_AUTOS = YES_AGGRESSIVE;
				GCC_WARN_UNUSED_FUNCTION = YES;
				GCC_WARN_UNUSED_VARIABLE = YES;
				IPHONEOS_DEPLOYMENT_TARGET = 9.2;
				MTL_ENABLE_DEBUG_INFO = YES;
				ONLY_ACTIVE_ARCH = YES;
				SDKROOT = iphoneos;
				SWIFT_OPTIMIZATION_LEVEL = "-Onone";
				TARGETED_DEVICE_FAMILY = "1,2";
			};
			name = Debug;
		};
		B91968531C2FC25300C332F6 /* Release */ = {
			isa = XCBuildConfiguration;
			buildSettings = {
				ALWAYS_SEARCH_USER_PATHS = NO;
				CLANG_CXX_LANGUAGE_STANDARD = "gnu++0x";
				CLANG_CXX_LIBRARY = "libc++";
				CLANG_ENABLE_MODULES = YES;
				CLANG_ENABLE_OBJC_ARC = YES;
				CLANG_WARN_BOOL_CONVERSION = YES;
				CLANG_WARN_CONSTANT_CONVERSION = YES;
				CLANG_WARN_DIRECT_OBJC_ISA_USAGE = YES_ERROR;
				CLANG_WARN_EMPTY_BODY = YES;
				CLANG_WARN_ENUM_CONVERSION = YES;
				CLANG_WARN_INT_CONVERSION = YES;
				CLANG_WARN_OBJC_ROOT_CLASS = YES_ERROR;
				CLANG_WARN_UNREACHABLE_CODE = YES;
				CLANG_WARN__DUPLICATE_METHOD_MATCH = YES;
				"CODE_SIGN_IDENTITY[sdk=iphoneos*]" = "iPhone Developer";
				COPY_PHASE_STRIP = NO;
				DEBUG_INFORMATION_FORMAT = "dwarf-with-dsym";
				ENABLE_NS_ASSERTIONS = NO;
				ENABLE_STRICT_OBJC_MSGSEND = YES;
				GCC_C_LANGUAGE_STANDARD = gnu99;
				GCC_NO_COMMON_BLOCKS = YES;
				GCC_WARN_64_TO_32_BIT_CONVERSION = YES;
				GCC_WARN_ABOUT_RETURN_TYPE = YES_ERROR;
				GCC_WARN_UNDECLARED_SELECTOR = YES;
				GCC_WARN_UNINITIALIZED_AUTOS = YES_AGGRESSIVE;
				GCC_WARN_UNUSED_FUNCTION = YES;
				GCC_WARN_UNUSED_VARIABLE = YES;
				IPHONEOS_DEPLOYMENT_TARGET = 9.2;
				MTL_ENABLE_DEBUG_INFO = NO;
				SDKROOT = iphoneos;
				TARGETED_DEVICE_FAMILY = "1,2";
				VALIDATE_PRODUCT = YES;
			};
			name = Release;
		};
		B91968551C2FC25300C332F6 /* Debug */ = {
			isa = XCBuildConfiguration;
			buildSettings = {
				ASSETCATALOG_COMPILER_APPICON_NAME = AppIcon;
				INFOPLIST_FILE = SampleiOSApp/Info.plist;
				LD_RUNPATH_SEARCH_PATHS = "$(inherited) @executable_path/Frameworks";
				PRODUCT_BUNDLE_IDENTIFIER = Alekh.SampleiOSApp;
				PRODUCT_NAME = "$(TARGET_NAME)";
			};
			name = Debug;
		};
		B91968561C2FC25300C332F6 /* Release */ = {
			isa = XCBuildConfiguration;
			buildSettings = {
				ASSETCATALOG_COMPILER_APPICON_NAME = AppIcon;
				INFOPLIST_FILE = SampleiOSApp/Info.plist;
				LD_RUNPATH_SEARCH_PATHS = "$(inherited) @executable_path/Frameworks";
				PRODUCT_BUNDLE_IDENTIFIER = Alekh.SampleiOSApp;
				PRODUCT_NAME = "$(TARGET_NAME)";
			};
			name = Release;
		};
		B91968581C2FC25300C332F6 /* Debug */ = {
			isa = XCBuildConfiguration;
			buildSettings = {
				BUNDLE_LOADER = "$(TEST_HOST)";
				INFOPLIST_FILE = SampleiOSAppTests/Info.plist;
				LD_RUNPATH_SEARCH_PATHS = "$(inherited) @executable_path/Frameworks @loader_path/Frameworks";
				PRODUCT_BUNDLE_IDENTIFIER = Alekh.SampleiOSAppTests;
				PRODUCT_NAME = "$(TARGET_NAME)";
				TEST_HOST = "$(BUILT_PRODUCTS_DIR)/SampleiOSApp.app/SampleiOSApp";
			};
			name = Debug;
		};
		B91968591C2FC25300C332F6 /* Release */ = {
			isa = XCBuildConfiguration;
			buildSettings = {
				BUNDLE_LOADER = "$(TEST_HOST)";
				INFOPLIST_FILE = SampleiOSAppTests/Info.plist;
				LD_RUNPATH_SEARCH_PATHS = "$(inherited) @executable_path/Frameworks @loader_path/Frameworks";
				PRODUCT_BUNDLE_IDENTIFIER = Alekh.SampleiOSAppTests;
				PRODUCT_NAME = "$(TARGET_NAME)";
				TEST_HOST = "$(BUILT_PRODUCTS_DIR)/SampleiOSApp.app/SampleiOSApp";
			};
			name = Release;
		};
		B919685B1C2FC25300C332F6 /* Debug */ = {
			isa = XCBuildConfiguration;
			buildSettings = {
				INFOPLIST_FILE = SampleiOSAppUITests/Info.plist;
				LD_RUNPATH_SEARCH_PATHS = "$(inherited) @executable_path/Frameworks @loader_path/Frameworks";
				PRODUCT_BUNDLE_IDENTIFIER = Alekh.SampleiOSAppUITests;
				PRODUCT_NAME = "$(TARGET_NAME)";
				TEST_TARGET_NAME = SampleiOSApp;
				USES_XCTRUNNER = YES;
			};
			name = Debug;
		};
		B919685C1C2FC25300C332F6 /* Release */ = {
			isa = XCBuildConfiguration;
			buildSettings = {
				INFOPLIST_FILE = SampleiOSAppUITests/Info.plist;
				LD_RUNPATH_SEARCH_PATHS = "$(inherited) @executable_path/Frameworks @loader_path/Frameworks";
				PRODUCT_BUNDLE_IDENTIFIER = Alekh.SampleiOSAppUITests;
				PRODUCT_NAME = "$(TARGET_NAME)";
				TEST_TARGET_NAME = SampleiOSApp;
				USES_XCTRUNNER = YES;
			};
			name = Release;
		};
/* End XCBuildConfiguration section */

/* Begin XCConfigurationList section */
		B91968241C2FC25300C332F6 /* Build configuration list for PBXProject "SampleiOSApp" */ = {
			isa = XCConfigurationList;
			buildConfigurations = (
				B91968521C2FC25300C332F6 /* Debug */,
				B91968531C2FC25300C332F6 /* Release */,
			);
			defaultConfigurationIsVisible = 0;
			defaultConfigurationName = Release;
		};
		B91968541C2FC25300C332F6 /* Build configuration list for PBXNativeTarget "SampleiOSApp" */ = {
			isa = XCConfigurationList;
			buildConfigurations = (
				B91968551C2FC25300C332F6 /* Debug */,
				B91968561C2FC25300C332F6 /* Release */,
			);
			defaultConfigurationIsVisible = 0;
		};
		B91968571C2FC25300C332F6 /* Build configuration list for PBXNativeTarget "SampleiOSAppTests" */ = {
			isa = XCConfigurationList;
			buildConfigurations = (
				B91968581C2FC25300C332F6 /* Debug */,
				B91968591C2FC25300C332F6 /* Release */,
			);
			defaultConfigurationIsVisible = 0;
		};
		B919685A1C2FC25300C332F6 /* Build configuration list for PBXNativeTarget "SampleiOSAppUITests" */ = {
			isa = XCConfigurationList;
			buildConfigurations = (
				B919685B1C2FC25300C332F6 /* Debug */,
				B919685C1C2FC25300C332F6 /* Release */,
			);
			defaultConfigurationIsVisible = 0;
		};
/* End XCConfigurationList section */

/* Begin XCVersionGroup section */
		B91968331C2FC25300C332F6 /* SampleiOSApp.xcdatamodeld */ = {
			isa = XCVersionGroup;
			children = (
				B91968341C2FC25300C332F6 /* SampleiOSApp.xcdatamodel */,
			);
			currentVersion = B91968341C2FC25300C332F6 /* SampleiOSApp.xcdatamodel */;
			path = SampleiOSApp.xcdatamodeld;
			sourceTree = "<group>";
			versionGroupType = wrapper.xcdatamodel;
		};
/* End XCVersionGroup section */
	};
	rootObject = B91968211C2FC25300C332F6 /* Project object */;
}
